// !$*UTF8*$!
{
	archiveVersion = 1;
	classes = {
	};
	objectVersion = 46;
	objects = {

/* Begin PBXBuildFile section */
		1D60589F0D05DD5A006BFB54 /* Foundation.framework in Frameworks */ = {isa = PBXBuildFile; fileRef = 1D30AB110D05D00D00671497 /* Foundation.framework */; };
		1DF5F4E00D08C38300B7A737 /* UIKit.framework in Frameworks */ = {isa = PBXBuildFile; fileRef = 1DF5F4DF0D08C38300B7A737 /* UIKit.framework */; };
		2892E4100DC94CBA00A64D0F /* CoreGraphics.framework in Frameworks */ = {isa = PBXBuildFile; fileRef = 2892E40F0DC94CBA00A64D0F /* CoreGraphics.framework */; };
		519ACD941242D40D00768044 /* CoreData.framework in Frameworks */ = {isa = PBXBuildFile; fileRef = 519ACD931242D40D00768044 /* CoreData.framework */; };
		91A152901D57C6B200AF50AA /* AppDelegate.m in Sources */ = {isa = PBXBuildFile; fileRef = 91A1526A1D57C6B200AF50AA /* AppDelegate.m */; };
		91A152941D57C6B200AF50AA /* Buddy.m in Sources */ = {isa = PBXBuildFile; fileRef = 91A152751D57C6B200AF50AA /* Buddy.m */; };
		91A152951D57C6B200AF50AA /* Message.m in Sources */ = {isa = PBXBuildFile; fileRef = 91A152771D57C6B200AF50AA /* Message.m */; };
		91A152961D57C6B200AF50AA /* TestTask.xcdatamodeld in Sources */ = {isa = PBXBuildFile; fileRef = 91A152791D57C6B200AF50AA /* TestTask.xcdatamodeld */; };
		91A152971D57C6B200AF50AA /* Media.xcassets in Resources */ = {isa = PBXBuildFile; fileRef = 91A1527C1D57C6B200AF50AA /* Media.xcassets */; };
		91A152981D57C6B200AF50AA /* LaunchScreen.storyboard in Resources */ = {isa = PBXBuildFile; fileRef = 91A1527E1D57C6B200AF50AA /* LaunchScreen.storyboard */; };
		91A1529A1D57C6B200AF50AA /* main.m in Sources */ = {isa = PBXBuildFile; fileRef = 91A152821D57C6B200AF50AA /* main.m */; };
		91A1529B1D57C6B200AF50AA /* BuddiesController.m in Sources */ = {isa = PBXBuildFile; fileRef = 91A152861D57C6B200AF50AA /* BuddiesController.m */; };
		91A1529C1D57C6B200AF50AA /* TextViewCell.m in Sources */ = {isa = PBXBuildFile; fileRef = 91A1528A1D57C6B200AF50AA /* TextViewCell.m */; };
		91A1529D1D57C6B200AF50AA /* ChatController.m in Sources */ = {isa = PBXBuildFile; fileRef = 91A1528C1D57C6B200AF50AA /* ChatController.m */; };
		91A1529E1D57C6B200AF50AA /* SendController.m in Sources */ = {isa = PBXBuildFile; fileRef = 91A1528F1D57C6B200AF50AA /* SendController.m */; };
		91A152A81D57C7B700AF50AA /* GPNSObjectAdditions.m in Sources */ = {isa = PBXBuildFile; fileRef = 91A152A11D57C7B700AF50AA /* GPNSObjectAdditions.m */; };
		91A152A91D57C7B700AF50AA /* NSString+SKAdditions.m in Sources */ = {isa = PBXBuildFile; fileRef = 91A152A31D57C7B700AF50AA /* NSString+SKAdditions.m */; };
		91A152AA1D57C7B700AF50AA /* Repository.m in Sources */ = {isa = PBXBuildFile; fileRef = 91A152A71D57C7B700AF50AA /* Repository.m */; };
/* End PBXBuildFile section */

/* Begin PBXFileReference section */
		1D30AB110D05D00D00671497 /* Foundation.framework */ = {isa = PBXFileReference; lastKnownFileType = wrapper.framework; name = Foundation.framework; path = System/Library/Frameworks/Foundation.framework; sourceTree = SDKROOT; };
		1D6058910D05DD3D006BFB54 /* Chat.app */ = {isa = PBXFileReference; explicitFileType = wrapper.application; includeInIndex = 0; path = Chat.app; sourceTree = BUILT_PRODUCTS_DIR; };
		1DF5F4DF0D08C38300B7A737 /* UIKit.framework */ = {isa = PBXFileReference; lastKnownFileType = wrapper.framework; name = UIKit.framework; path = System/Library/Frameworks/UIKit.framework; sourceTree = SDKROOT; };
		2892E40F0DC94CBA00A64D0F /* CoreGraphics.framework */ = {isa = PBXFileReference; lastKnownFileType = wrapper.framework; name = CoreGraphics.framework; path = System/Library/Frameworks/CoreGraphics.framework; sourceTree = SDKROOT; };
		519ACD931242D40D00768044 /* CoreData.framework */ = {isa = PBXFileReference; lastKnownFileType = wrapper.framework; name = CoreData.framework; path = System/Library/Frameworks/CoreData.framework; sourceTree = SDKROOT; };
		91A152691D57C6B200AF50AA /* AppDelegate.h */ = {isa = PBXFileReference; fileEncoding = 4; lastKnownFileType = sourcecode.c.h; path = AppDelegate.h; sourceTree = "<group>"; };
		91A1526A1D57C6B200AF50AA /* AppDelegate.m */ = {isa = PBXFileReference; fileEncoding = 4; lastKnownFileType = sourcecode.c.objc; path = AppDelegate.m; sourceTree = "<group>"; };
		91A152741D57C6B200AF50AA /* Buddy.h */ = {isa = PBXFileReference; fileEncoding = 4; lastKnownFileType = sourcecode.c.h; path = Buddy.h; sourceTree = "<group>"; };
		91A152751D57C6B200AF50AA /* Buddy.m */ = {isa = PBXFileReference; fileEncoding = 4; lastKnownFileType = sourcecode.c.objc; path = Buddy.m; sourceTree = "<group>"; };
		91A152761D57C6B200AF50AA /* Message.h */ = {isa = PBXFileReference; fileEncoding = 4; lastKnownFileType = sourcecode.c.h; path = Message.h; sourceTree = "<group>"; };
		91A152771D57C6B200AF50AA /* Message.m */ = {isa = PBXFileReference; fileEncoding = 4; lastKnownFileType = sourcecode.c.objc; path = Message.m; sourceTree = "<group>"; };
		91A1527A1D57C6B200AF50AA /* TestTask.xcdatamodel */ = {isa = PBXFileReference; lastKnownFileType = wrapper.xcdatamodel; path = TestTask.xcdatamodel; sourceTree = "<group>"; };
		91A1527C1D57C6B200AF50AA /* Media.xcassets */ = {isa = PBXFileReference; lastKnownFileType = folder.assetcatalog; path = Media.xcassets; sourceTree = "<group>"; };
		91A1527E1D57C6B200AF50AA /* LaunchScreen.storyboard */ = {isa = PBXFileReference; fileEncoding = 4; lastKnownFileType = file.storyboard; path = LaunchScreen.storyboard; sourceTree = "<group>"; };
		91A152801D57C6B200AF50AA /* Chat-Info.plist */ = {isa = PBXFileReference; fileEncoding = 4; lastKnownFileType = text.plist.xml; path = "Chat-Info.plist"; sourceTree = "<group>"; };
		91A152811D57C6B200AF50AA /* Chat_Prefix.pch */ = {isa = PBXFileReference; fileEncoding = 4; lastKnownFileType = sourcecode.c.h; path = Chat_Prefix.pch; sourceTree = "<group>"; };
		91A152821D57C6B200AF50AA /* main.m */ = {isa = PBXFileReference; fileEncoding = 4; lastKnownFileType = sourcecode.c.objc; path = main.m; sourceTree = "<group>"; };
		91A152851D57C6B200AF50AA /* BuddiesController.h */ = {isa = PBXFileReference; fileEncoding = 4; lastKnownFileType = sourcecode.c.h; path = BuddiesController.h; sourceTree = "<group>"; };
		91A152861D57C6B200AF50AA /* BuddiesController.m */ = {isa = PBXFileReference; fileEncoding = 4; lastKnownFileType = sourcecode.c.objc; path = BuddiesController.m; sourceTree = "<group>"; };
		91A152891D57C6B200AF50AA /* TextViewCell.h */ = {isa = PBXFileReference; fileEncoding = 4; lastKnownFileType = sourcecode.c.h; path = TextViewCell.h; sourceTree = "<group>"; };
		91A1528A1D57C6B200AF50AA /* TextViewCell.m */ = {isa = PBXFileReference; fileEncoding = 4; lastKnownFileType = sourcecode.c.objc; path = TextViewCell.m; sourceTree = "<group>"; };
		91A1528B1D57C6B200AF50AA /* ChatController.h */ = {isa = PBXFileReference; fileEncoding = 4; lastKnownFileType = sourcecode.c.h; path = ChatController.h; sourceTree = "<group>"; };
		91A1528C1D57C6B200AF50AA /* ChatController.m */ = {isa = PBXFileReference; fileEncoding = 4; lastKnownFileType = sourcecode.c.objc; path = ChatController.m; sourceTree = "<group>"; };
		91A1528E1D57C6B200AF50AA /* SendController.h */ = {isa = PBXFileReference; fileEncoding = 4; lastKnownFileType = sourcecode.c.h; path = SendController.h; sourceTree = "<group>"; };
		91A1528F1D57C6B200AF50AA /* SendController.m */ = {isa = PBXFileReference; fileEncoding = 4; lastKnownFileType = sourcecode.c.objc; path = SendController.m; sourceTree = "<group>"; };
		91A152A01D57C7B700AF50AA /* GPNSObjectAdditions.h */ = {isa = PBXFileReference; fileEncoding = 4; lastKnownFileType = sourcecode.c.h; path = GPNSObjectAdditions.h; sourceTree = "<group>"; };
		91A152A11D57C7B700AF50AA /* GPNSObjectAdditions.m */ = {isa = PBXFileReference; fileEncoding = 4; lastKnownFileType = sourcecode.c.objc; path = GPNSObjectAdditions.m; sourceTree = "<group>"; };
		91A152A21D57C7B700AF50AA /* NSString+SKAdditions.h */ = {isa = PBXFileReference; fileEncoding = 4; lastKnownFileType = sourcecode.c.h; path = "NSString+SKAdditions.h"; sourceTree = "<group>"; };
		91A152A31D57C7B700AF50AA /* NSString+SKAdditions.m */ = {isa = PBXFileReference; fileEncoding = 4; lastKnownFileType = sourcecode.c.objc; path = "NSString+SKAdditions.m"; sourceTree = "<group>"; };
		91A152A61D57C7B700AF50AA /* Repository.h */ = {isa = PBXFileReference; fileEncoding = 4; lastKnownFileType = sourcecode.c.h; path = Repository.h; sourceTree = "<group>"; };
		91A152A71D57C7B700AF50AA /* Repository.m */ = {isa = PBXFileReference; fileEncoding = 4; lastKnownFileType = sourcecode.c.objc; path = Repository.m; sourceTree = "<group>"; };
/* End PBXFileReference section */

/* Begin PBXFrameworksBuildPhase section */
		1D60588F0D05DD3D006BFB54 /* Frameworks */ = {
			isa = PBXFrameworksBuildPhase;
			buildActionMask = 2147483647;
			files = (
				1D60589F0D05DD5A006BFB54 /* Foundation.framework in Frameworks */,
				1DF5F4E00D08C38300B7A737 /* UIKit.framework in Frameworks */,
				2892E4100DC94CBA00A64D0F /* CoreGraphics.framework in Frameworks */,
				519ACD941242D40D00768044 /* CoreData.framework in Frameworks */,
			);
			runOnlyForDeploymentPostprocessing = 0;
		};
/* End PBXFrameworksBuildPhase section */

/* Begin PBXGroup section */
		19C28FACFE9D520D11CA2CBB /* Products */ = {
			isa = PBXGroup;
			children = (
				1D6058910D05DD3D006BFB54 /* Chat.app */,
			);
			name = Products;
			sourceTree = "<group>";
		};
		29B97314FDCFA39411CA2CEA /* CustomTemplate */ = {
			isa = PBXGroup;
			children = (
				91A152671D57C6B200AF50AA /* ChatBot */,
				29B97323FDCFA39411CA2CEA /* Frameworks */,
				19C28FACFE9D520D11CA2CBB /* Products */,
			);
			name = CustomTemplate;
			sourceTree = "<group>";
		};
		29B97323FDCFA39411CA2CEA /* Frameworks */ = {
			isa = PBXGroup;
			children = (
				519ACD931242D40D00768044 /* CoreData.framework */,
				1DF5F4DF0D08C38300B7A737 /* UIKit.framework */,
				1D30AB110D05D00D00671497 /* Foundation.framework */,
				2892E40F0DC94CBA00A64D0F /* CoreGraphics.framework */,
			);
			name = Frameworks;
			sourceTree = "<group>";
		};
		91A152671D57C6B200AF50AA /* ChatBot */ = {
			isa = PBXGroup;
			children = (
				91A152681D57C6B200AF50AA /* Application */,
				91A1529F1D57C7B700AF50AA /* Categories */,
				91A152721D57C6B200AF50AA /* CoreData */,
				91A152A41D57C7B700AF50AA /* Managers */,
				91A1527B1D57C6B200AF50AA /* Resources */,
				91A1527F1D57C6B200AF50AA /* SupportingFiles */,
				91A152831D57C6B200AF50AA /* ViewControllers */,
			);
			path = ChatBot;
			sourceTree = "<group>";
		};
		91A152681D57C6B200AF50AA /* Application */ = {
			isa = PBXGroup;
			children = (
				91A152691D57C6B200AF50AA /* AppDelegate.h */,
				91A1526A1D57C6B200AF50AA /* AppDelegate.m */,
			);
			path = Application;
			sourceTree = "<group>";
		};
		91A152721D57C6B200AF50AA /* CoreData */ = {
			isa = PBXGroup;
			children = (
				91A152731D57C6B200AF50AA /* ManagedObjects */,
				91A152781D57C6B200AF50AA /* Model */,
			);
			path = CoreData;
			sourceTree = "<group>";
		};
		91A152731D57C6B200AF50AA /* ManagedObjects */ = {
			isa = PBXGroup;
			children = (
				91A152741D57C6B200AF50AA /* Buddy.h */,
				91A152751D57C6B200AF50AA /* Buddy.m */,
				91A152761D57C6B200AF50AA /* Message.h */,
				91A152771D57C6B200AF50AA /* Message.m */,
			);
			path = ManagedObjects;
			sourceTree = "<group>";
		};
		91A152781D57C6B200AF50AA /* Model */ = {
			isa = PBXGroup;
			children = (
				91A152791D57C6B200AF50AA /* TestTask.xcdatamodeld */,
			);
			path = Model;
			sourceTree = "<group>";
		};
		91A1527B1D57C6B200AF50AA /* Resources */ = {
			isa = PBXGroup;
			children = (
				91A1527C1D57C6B200AF50AA /* Media.xcassets */,
				91A1527D1D57C6B200AF50AA /* Storyboards */,
			);
			path = Resources;
			sourceTree = "<group>";
		};
		91A1527D1D57C6B200AF50AA /* Storyboards */ = {
			isa = PBXGroup;
			children = (
				91A1527E1D57C6B200AF50AA /* LaunchScreen.storyboard */,
			);
			path = Storyboards;
			sourceTree = "<group>";
		};
		91A1527F1D57C6B200AF50AA /* SupportingFiles */ = {
			isa = PBXGroup;
			children = (
				91A152801D57C6B200AF50AA /* Chat-Info.plist */,
				91A152811D57C6B200AF50AA /* Chat_Prefix.pch */,
				91A152821D57C6B200AF50AA /* main.m */,
			);
			path = SupportingFiles;
			sourceTree = "<group>";
		};
		91A152831D57C6B200AF50AA /* ViewControllers */ = {
			isa = PBXGroup;
			children = (
				91A152841D57C6B200AF50AA /* Buddies */,
				91A152871D57C6B200AF50AA /* Chat */,
				91A1528D1D57C6B200AF50AA /* Send */,
			);
			path = ViewControllers;
			sourceTree = "<group>";
		};
		91A152841D57C6B200AF50AA /* Buddies */ = {
			isa = PBXGroup;
			children = (
				91A152851D57C6B200AF50AA /* BuddiesController.h */,
				91A152861D57C6B200AF50AA /* BuddiesController.m */,
			);
			path = Buddies;
			sourceTree = "<group>";
		};
		91A152871D57C6B200AF50AA /* Chat */ = {
			isa = PBXGroup;
			children = (
				91A152881D57C6B200AF50AA /* Cells */,
				91A1528B1D57C6B200AF50AA /* ChatController.h */,
				91A1528C1D57C6B200AF50AA /* ChatController.m */,
			);
			path = Chat;
			sourceTree = "<group>";
		};
		91A152881D57C6B200AF50AA /* Cells */ = {
			isa = PBXGroup;
			children = (
				91A152891D57C6B200AF50AA /* TextViewCell.h */,
				91A1528A1D57C6B200AF50AA /* TextViewCell.m */,
			);
			path = Cells;
			sourceTree = "<group>";
		};
		91A1528D1D57C6B200AF50AA /* Send */ = {
			isa = PBXGroup;
			children = (
				91A1528E1D57C6B200AF50AA /* SendController.h */,
				91A1528F1D57C6B200AF50AA /* SendController.m */,
			);
			path = Send;
			sourceTree = "<group>";
		};
		91A1529F1D57C7B700AF50AA /* Categories */ = {
			isa = PBXGroup;
			children = (
				91A152A01D57C7B700AF50AA /* GPNSObjectAdditions.h */,
				91A152A11D57C7B700AF50AA /* GPNSObjectAdditions.m */,
				91A152A21D57C7B700AF50AA /* NSString+SKAdditions.h */,
				91A152A31D57C7B700AF50AA /* NSString+SKAdditions.m */,
			);
			path = Categories;
			sourceTree = "<group>";
		};
		91A152A41D57C7B700AF50AA /* Managers */ = {
			isa = PBXGroup;
			children = (
				91A152A51D57C7B700AF50AA /* Repository */,
			);
			path = Managers;
			sourceTree = "<group>";
		};
		91A152A51D57C7B700AF50AA /* Repository */ = {
			isa = PBXGroup;
			children = (
				91A152A61D57C7B700AF50AA /* Repository.h */,
				91A152A71D57C7B700AF50AA /* Repository.m */,
			);
			path = Repository;
			sourceTree = "<group>";
		};
/* End PBXGroup section */

/* Begin PBXNativeTarget section */
		1D6058900D05DD3D006BFB54 /* ChatBot */ = {
			isa = PBXNativeTarget;
			buildConfigurationList = 1D6058960D05DD3E006BFB54 /* Build configuration list for PBXNativeTarget "ChatBot" */;
			buildPhases = (
				1D60588D0D05DD3D006BFB54 /* Resources */,
				1D60588E0D05DD3D006BFB54 /* Sources */,
				1D60588F0D05DD3D006BFB54 /* Frameworks */,
			);
			buildRules = (
			);
			dependencies = (
			);
			name = ChatBot;
			productName = Chat;
			productReference = 1D6058910D05DD3D006BFB54 /* Chat.app */;
			productType = "com.apple.product-type.application";
		};
/* End PBXNativeTarget section */

/* Begin PBXProject section */
		29B97313FDCFA39411CA2CEA /* Project object */ = {
			isa = PBXProject;
			attributes = {
				CLASSPREFIX = CBT;
				LastUpgradeCheck = 0420;
			};
			buildConfigurationList = C01FCF4E08A954540054247B /* Build configuration list for PBXProject "TestTask" */;
			compatibilityVersion = "Xcode 3.2";
			developmentRegion = English;
			hasScannedForEncodings = 1;
			knownRegions = (
				English,
				Japanese,
				French,
				German,
				en,
				Base,
			);
			mainGroup = 29B97314FDCFA39411CA2CEA /* CustomTemplate */;
			projectDirPath = "";
			projectRoot = "";
			targets = (
				1D6058900D05DD3D006BFB54 /* ChatBot */,
			);
		};
/* End PBXProject section */

/* Begin PBXResourcesBuildPhase section */
		1D60588D0D05DD3D006BFB54 /* Resources */ = {
			isa = PBXResourcesBuildPhase;
			buildActionMask = 2147483647;
			files = (
				91A152971D57C6B200AF50AA /* Media.xcassets in Resources */,
				91A152981D57C6B200AF50AA /* LaunchScreen.storyboard in Resources */,
			);
			runOnlyForDeploymentPostprocessing = 0;
		};
/* End PBXResourcesBuildPhase section */

/* Begin PBXSourcesBuildPhase section */
		1D60588E0D05DD3D006BFB54 /* Sources */ = {
			isa = PBXSourcesBuildPhase;
			buildActionMask = 2147483647;
			files = (
				91A1529D1D57C6B200AF50AA /* ChatController.m in Sources */,
				91A152A91D57C7B700AF50AA /* NSString+SKAdditions.m in Sources */,
				91A152961D57C6B200AF50AA /* TestTask.xcdatamodeld in Sources */,
				91A1529B1D57C6B200AF50AA /* BuddiesController.m in Sources */,
				91A152951D57C6B200AF50AA /* Message.m in Sources */,
				91A152941D57C6B200AF50AA /* Buddy.m in Sources */,
				91A152901D57C6B200AF50AA /* AppDelegate.m in Sources */,
				91A152AA1D57C7B700AF50AA /* Repository.m in Sources */,
				91A1529A1D57C6B200AF50AA /* main.m in Sources */,
				91A1529E1D57C6B200AF50AA /* SendController.m in Sources */,
				91A152A81D57C7B700AF50AA /* GPNSObjectAdditions.m in Sources */,
				91A1529C1D57C6B200AF50AA /* TextViewCell.m in Sources */,
			);
			runOnlyForDeploymentPostprocessing = 0;
		};
/* End PBXSourcesBuildPhase section */

/* Begin XCBuildConfiguration section */
		1D6058940D05DD3E006BFB54 /* Debug */ = {
			isa = XCBuildConfiguration;
			buildSettings = {
				ALWAYS_SEARCH_USER_PATHS = NO;
				ASSETCATALOG_COMPILER_APPICON_NAME = AppIcon;
				CLANG_ENABLE_OBJC_ARC = YES;
				COPY_PHASE_STRIP = NO;
				GCC_DYNAMIC_NO_PIC = NO;
				GCC_OPTIMIZATION_LEVEL = 0;
				GCC_PRECOMPILE_PREFIX_HEADER = YES;
				GCC_PREFIX_HEADER = ChatBot/SupportingFiles/Chat_Prefix.pch;
				GCC_PREPROCESSOR_DEFINITIONS = DEBUG;
				INFOPLIST_FILE = "ChatBot/SupportingFiles/Chat-Info.plist";
				PRODUCT_NAME = Chat;
			};
			name = Debug;
		};
		1D6058950D05DD3E006BFB54 /* Release */ = {
			isa = XCBuildConfiguration;
			buildSettings = {
				ALWAYS_SEARCH_USER_PATHS = NO;
				ASSETCATALOG_COMPILER_APPICON_NAME = AppIcon;
				CLANG_ENABLE_OBJC_ARC = YES;
				COPY_PHASE_STRIP = YES;
				GCC_PRECOMPILE_PREFIX_HEADER = YES;
				GCC_PREFIX_HEADER = ChatBot/SupportingFiles/Chat_Prefix.pch;
				INFOPLIST_FILE = "ChatBot/SupportingFiles/Chat-Info.plist";
				PRODUCT_NAME = Chat;
				VALIDATE_PRODUCT = YES;
			};
			name = Release;
		};
		C01FCF4F08A954540054247B /* Debug */ = {
			isa = XCBuildConfiguration;
			buildSettings = {
				ARCHS = "$(ARCHS_STANDARD_32_BIT)";
				"CODE_SIGN_IDENTITY[sdk=iphoneos*]" = "iPhone Developer";
				GCC_C_LANGUAGE_STANDARD = c99;
				GCC_WARN_ABOUT_RETURN_TYPE = YES;
				GCC_WARN_UNUSED_VARIABLE = YES;
				SDKROOT = iphoneos;
			};
			name = Debug;
		};
		C01FCF5008A954540054247B /* Release */ = {
			isa = XCBuildConfiguration;
			buildSettings = {
				ARCHS = "$(ARCHS_STANDARD_32_BIT)";
				"CODE_SIGN_IDENTITY[sdk=iphoneos*]" = "iPhone Developer";
				GCC_C_LANGUAGE_STANDARD = c99;
				GCC_WARN_ABOUT_RETURN_TYPE = YES;
				GCC_WARN_UNUSED_VARIABLE = YES;
				OTHER_CFLAGS = "-DNS_BLOCK_ASSERTIONS=1";
				SDKROOT = iphoneos;
			};
			name = Release;
		};
/* End XCBuildConfiguration section */

/* Begin XCConfigurationList section */
		1D6058960D05DD3E006BFB54 /* Build configuration list for PBXNativeTarget "ChatBot" */ = {
			isa = XCConfigurationList;
			buildConfigurations = (
				1D6058940D05DD3E006BFB54 /* Debug */,
				1D6058950D05DD3E006BFB54 /* Release */,
			);
			defaultConfigurationIsVisible = 0;
			defaultConfigurationName = Release;
		};
		C01FCF4E08A954540054247B /* Build configuration list for PBXProject "TestTask" */ = {
			isa = XCConfigurationList;
			buildConfigurations = (
				C01FCF4F08A954540054247B /* Debug */,
				C01FCF5008A954540054247B /* Release */,
			);
			defaultConfigurationIsVisible = 0;
			defaultConfigurationName = Release;
		};
/* End XCConfigurationList section */

/* Begin XCVersionGroup section */
		91A152791D57C6B200AF50AA /* TestTask.xcdatamodeld */ = {
			isa = XCVersionGroup;
			children = (
				91A1527A1D57C6B200AF50AA /* TestTask.xcdatamodel */,
			);
			currentVersion = 91A1527A1D57C6B200AF50AA /* TestTask.xcdatamodel */;
			path = TestTask.xcdatamodeld;
			sourceTree = "<group>";
			versionGroupType = wrapper.xcdatamodel;
		};
/* End XCVersionGroup section */
	};
	rootObject = 29B97313FDCFA39411CA2CEA /* Project object */;
}
